
Microsoft Visual Studio Solution File, Format Version 12.00
# Visual Studio Version 17
VisualStudioVersion = 17.7.34221.43
MinimumVisualStudioVersion = 10.0.40219.1
Project("{FAE04EC0-301F-11D3-BF4B-00C04F79EFBC}") = "prueba2crud", "prueba2crud\prueba2crud.csproj", "{9F4A85F5-D54F-417F-888C-10512BC07DAF}"
EndProject
Global
	GlobalSection(SolutionConfigurationPlatforms) = preSolution
		Debug|Any CPU = Debug|Any CPU
		Release|Any CPU = Release|Any CPU
	EndGlobalSection
	GlobalSection(ProjectConfigurationPlatforms) = postSolution
		{9F4A85F5-D54F-417F-888C-10512BC07DAF}.Debug|Any CPU.ActiveCfg = Debug|Any CPU
		{9F4A85F5-D54F-417F-888C-10512BC07DAF}.Debug|Any CPU.Build.0 = Debug|Any CPU
		{9F4A85F5-D54F-417F-888C-10512BC07DAF}.Release|Any CPU.ActiveCfg = Release|Any CPU
		{9F4A85F5-D54F-417F-888C-10512BC07DAF}.Release|Any CPU.Build.0 = Release|Any CPU
	EndGlobalSection
	GlobalSection(SolutionProperties) = preSolution
		HideSolutionNode = FALSE
	EndGlobalSection
	GlobalSection(ExtensibilityGlobals) = postSolution
		SolutionGuid = {382DED42-4B77-4DC2-8AE6-B26D8BCF61C4}
	EndGlobalSection
EndGlobal
